
Microsoft Visual Studio Solution File, Format Version 12.00
# Visual Studio Version 17
VisualStudioVersion = 17.14.36202.13
MinimumVisualStudioVersion = 10.0.40219.1
Project("{2150E333-8FDC-42A3-9474-1A3956D46DE8}") = "ADO.NET", "ADO.NET", "{1541FC13-9317-4068-B980-7C464A4EAF41}"
EndProject
Project("{FAE04EC0-301F-11D3-BF4B-00C04F79EFBC}") = "ADO-1-Start", "ADO-1-Start\ADO-1-Start.csproj", "{3548A686-C965-4094-9A07-E8F493A5D2B5}"
EndProject
Project("{FAE04EC0-301F-11D3-BF4B-00C04F79EFBC}") = "ADO-Web-1-Connect", "ADO-Web-1-Connect\ADO-Web-1-Connect.csproj", "{0DE551A8-F4C9-41B1-9647-F8E0A30B8838}"
EndProject
Project("{FAE04EC0-301F-11D3-BF4B-00C04F79EFBC}") = "ADO-Web-2-Connect", "ADO-Web-2-Connect\ADO-Web-2-Connect.csproj", "{D06DB2D4-2E86-4ACC-8FCA-2B39326D6C8C}"
EndProject
Project("{FAE04EC0-301F-11D3-BF4B-00C04F79EFBC}") = "ADO-Web-3-Connect", "ADO-Web-3-Connect\ADO-Web-3-Connect.csproj", "{010C592F-96A6-4C3D-9990-86C16BF87411}"
EndProject
Project("{2150E333-8FDC-42A3-9474-1A3956D46DE8}") = "EFCore", "EFCore", "{12D8E17C-7030-4C9A-BB48-D473ECFCB9D0}"
EndProject
Project("{FAE04EC0-301F-11D3-BF4B-00C04F79EFBC}") = "EFCore-1-Start", "EFCore-1-Start\EFCore-1-Start.csproj", "{54C61496-9CC3-48B5-82A4-D61D95B7C548}"
EndProject
Project("{FAE04EC0-301F-11D3-BF4B-00C04F79EFBC}") = "EFCore-2-JWT", "EFCore-2-JWT\EFCore-2-JWT.csproj", "{FFC9C69A-3A61-4028-82BE-E02956A287C2}"
EndProject
Project("{2150E333-8FDC-42A3-9474-1A3956D46DE8}") = "Cors", "Cors", "{95B72C47-8BC3-477A-8666-4F0BCBA96550}"
EndProject
Project("{FAE04EC0-301F-11D3-BF4B-00C04F79EFBC}") = "Cors-1-Start", "Cors-1-Start\Cors-1-Start.csproj", "{347DC482-5CBA-4C10-AD6E-6CE5B2B5C363}"
EndProject
Project("{FAE04EC0-301F-11D3-BF4B-00C04F79EFBC}") = "EFCore-3-AccessToken", "EFCore-3-AccessToken\EFCore-3-AccessToken.csproj", "{B7A5F125-10FD-401B-8EC9-DAD2A07CD3EF}"
EndProject
Project("{2150E333-8FDC-42A3-9474-1A3956D46DE8}") = "Desginer", "Desginer", "{748C8C45-E179-4401-99FD-E8A0C24F00C2}"
EndProject
Project("{FAE04EC0-301F-11D3-BF4B-00C04F79EFBC}") = "SingletonPattern", "SingletonPattern\SingletonPattern.csproj", "{F9835AE0-AC78-4CDE-A6EB-2914F4B954D6}"
EndProject
Global
	GlobalSection(SolutionConfigurationPlatforms) = preSolution
		Debug|Any CPU = Debug|Any CPU
		Release|Any CPU = Release|Any CPU
	EndGlobalSection
	GlobalSection(ProjectConfigurationPlatforms) = postSolution
		{3548A686-C965-4094-9A07-E8F493A5D2B5}.Debug|Any CPU.ActiveCfg = Debug|Any CPU
		{3548A686-C965-4094-9A07-E8F493A5D2B5}.Debug|Any CPU.Build.0 = Debug|Any CPU
		{3548A686-C965-4094-9A07-E8F493A5D2B5}.Release|Any CPU.ActiveCfg = Release|Any CPU
		{3548A686-C965-4094-9A07-E8F493A5D2B5}.Release|Any CPU.Build.0 = Release|Any CPU
		{0DE551A8-F4C9-41B1-9647-F8E0A30B8838}.Debug|Any CPU.ActiveCfg = Debug|Any CPU
		{0DE551A8-F4C9-41B1-9647-F8E0A30B8838}.Debug|Any CPU.Build.0 = Debug|Any CPU
		{0DE551A8-F4C9-41B1-9647-F8E0A30B8838}.Release|Any CPU.ActiveCfg = Release|Any CPU
		{0DE551A8-F4C9-41B1-9647-F8E0A30B8838}.Release|Any CPU.Build.0 = Release|Any CPU
		{D06DB2D4-2E86-4ACC-8FCA-2B39326D6C8C}.Debug|Any CPU.ActiveCfg = Debug|Any CPU
		{D06DB2D4-2E86-4ACC-8FCA-2B39326D6C8C}.Debug|Any CPU.Build.0 = Debug|Any CPU
		{D06DB2D4-2E86-4ACC-8FCA-2B39326D6C8C}.Release|Any CPU.ActiveCfg = Release|Any CPU
		{D06DB2D4-2E86-4ACC-8FCA-2B39326D6C8C}.Release|Any CPU.Build.0 = Release|Any CPU
		{010C592F-96A6-4C3D-9990-86C16BF87411}.Debug|Any CPU.ActiveCfg = Debug|Any CPU
		{010C592F-96A6-4C3D-9990-86C16BF87411}.Debug|Any CPU.Build.0 = Debug|Any CPU
		{010C592F-96A6-4C3D-9990-86C16BF87411}.Release|Any CPU.ActiveCfg = Release|Any CPU
		{010C592F-96A6-4C3D-9990-86C16BF87411}.Release|Any CPU.Build.0 = Release|Any CPU
		{54C61496-9CC3-48B5-82A4-D61D95B7C548}.Debug|Any CPU.ActiveCfg = Debug|Any CPU
		{54C61496-9CC3-48B5-82A4-D61D95B7C548}.Debug|Any CPU.Build.0 = Debug|Any CPU
		{54C61496-9CC3-48B5-82A4-D61D95B7C548}.Release|Any CPU.ActiveCfg = Release|Any CPU
		{54C61496-9CC3-48B5-82A4-D61D95B7C548}.Release|Any CPU.Build.0 = Release|Any CPU
		{FFC9C69A-3A61-4028-82BE-E02956A287C2}.Debug|Any CPU.ActiveCfg = Debug|Any CPU
		{FFC9C69A-3A61-4028-82BE-E02956A287C2}.Debug|Any CPU.Build.0 = Debug|Any CPU
		{FFC9C69A-3A61-4028-82BE-E02956A287C2}.Release|Any CPU.ActiveCfg = Release|Any CPU
		{FFC9C69A-3A61-4028-82BE-E02956A287C2}.Release|Any CPU.Build.0 = Release|Any CPU
		{347DC482-5CBA-4C10-AD6E-6CE5B2B5C363}.Debug|Any CPU.ActiveCfg = Debug|Any CPU
		{347DC482-5CBA-4C10-AD6E-6CE5B2B5C363}.Debug|Any CPU.Build.0 = Debug|Any CPU
		{347DC482-5CBA-4C10-AD6E-6CE5B2B5C363}.Release|Any CPU.ActiveCfg = Release|Any CPU
		{347DC482-5CBA-4C10-AD6E-6CE5B2B5C363}.Release|Any CPU.Build.0 = Release|Any CPU
		{B7A5F125-10FD-401B-8EC9-DAD2A07CD3EF}.Debug|Any CPU.ActiveCfg = Debug|Any CPU
		{B7A5F125-10FD-401B-8EC9-DAD2A07CD3EF}.Debug|Any CPU.Build.0 = Debug|Any CPU
		{B7A5F125-10FD-401B-8EC9-DAD2A07CD3EF}.Release|Any CPU.ActiveCfg = Release|Any CPU
		{B7A5F125-10FD-401B-8EC9-DAD2A07CD3EF}.Release|Any CPU.Build.0 = Release|Any CPU
		{F9835AE0-AC78-4CDE-A6EB-2914F4B954D6}.Debug|Any CPU.ActiveCfg = Debug|Any CPU
		{F9835AE0-AC78-4CDE-A6EB-2914F4B954D6}.Debug|Any CPU.Build.0 = Debug|Any CPU
		{F9835AE0-AC78-4CDE-A6EB-2914F4B954D6}.Release|Any CPU.ActiveCfg = Release|Any CPU
		{F9835AE0-AC78-4CDE-A6EB-2914F4B954D6}.Release|Any CPU.Build.0 = Release|Any CPU
	EndGlobalSection
	GlobalSection(SolutionProperties) = preSolution
		HideSolutionNode = FALSE
	EndGlobalSection
	GlobalSection(NestedProjects) = preSolution
		{3548A686-C965-4094-9A07-E8F493A5D2B5} = {1541FC13-9317-4068-B980-7C464A4EAF41}
		{0DE551A8-F4C9-41B1-9647-F8E0A30B8838} = {1541FC13-9317-4068-B980-7C464A4EAF41}
		{D06DB2D4-2E86-4ACC-8FCA-2B39326D6C8C} = {1541FC13-9317-4068-B980-7C464A4EAF41}
		{010C592F-96A6-4C3D-9990-86C16BF87411} = {1541FC13-9317-4068-B980-7C464A4EAF41}
		{54C61496-9CC3-48B5-82A4-D61D95B7C548} = {12D8E17C-7030-4C9A-BB48-D473ECFCB9D0}
		{FFC9C69A-3A61-4028-82BE-E02956A287C2} = {12D8E17C-7030-4C9A-BB48-D473ECFCB9D0}
		{347DC482-5CBA-4C10-AD6E-6CE5B2B5C363} = {95B72C47-8BC3-477A-8666-4F0BCBA96550}
		{B7A5F125-10FD-401B-8EC9-DAD2A07CD3EF} = {12D8E17C-7030-4C9A-BB48-D473ECFCB9D0}
		{F9835AE0-AC78-4CDE-A6EB-2914F4B954D6} = {748C8C45-E179-4401-99FD-E8A0C24F00C2}
	EndGlobalSection
EndGlobal
